// !$*UTF8*$!
{
	archiveVersion = 1;
	classes = {
	};
	objectVersion = 77;
	objects = {

/* Begin PBXBuildFile section */
		0E66697DE559CFBE503EA9D6 /* CalendarExporter.swift in Sources */ = {isa = PBXBuildFile; fileRef = D5FD1CECED72B517CAFB9A35 /* CalendarExporter.swift */; };
		1296C7DDDD35A78821A56373 /* AppTheme.swift in Sources */ = {isa = PBXBuildFile; fileRef = 1B76EDDB25B66726ADAC9524 /* AppTheme.swift */; };
		1488F06A28630B2B1803A6E7 /* RootView.swift in Sources */ = {isa = PBXBuildFile; fileRef = 839B072306659B2A53C5E287 /* RootView.swift */; };
		19F73BC23D8786A5F190675C /* ScheduleSnapshot.json in Resources */ = {isa = PBXBuildFile; fileRef = 33AAE5713407E15A5FA98457 /* ScheduleSnapshot.json */; };
		1E15A291EBA98CE8070F9BD1 /* DashboardView.swift in Sources */ = {isa = PBXBuildFile; fileRef = 3CB4182AD7CCFBDA5BCD9758 /* DashboardView.swift */; };
		296A64E9AABE1021F17589A0 /* TimetableGridView.swift in Sources */ = {isa = PBXBuildFile; fileRef = FD40303895B0A8B2481787B3 /* TimetableGridView.swift */; };
		2B3E91D0A612E14F6CC0B3CD /* HFUTScheduleWidgetBundle.swift in Sources */ = {isa = PBXBuildFile; fileRef = 2DA4190FCDA3E14E3C0150F0 /* HFUTScheduleWidgetBundle.swift */; };
		2C1E67D687D8D240EA372E94 /* ServicesView.swift in Sources */ = {isa = PBXBuildFile; fileRef = FC0F020B95A60E658FCAD4CB /* ServicesView.swift */; };
		2C6BBA5B773B4DAC66AB4FEB /* WidgetScheduleBridge.swift in Sources */ = {isa = PBXBuildFile; fileRef = ACDD4BD05E04F55081BB634B /* WidgetScheduleBridge.swift */; };
		2D8941CD276C37F2996529D4 /* AcademicRecordsStore.swift in Sources */ = {isa = PBXBuildFile; fileRef = 2CDD62C425563B3C6DCA848A /* AcademicRecordsStore.swift */; };
		301D3230C6E1F5A1C14023ED /* AcademicRecords.swift in Sources */ = {isa = PBXBuildFile; fileRef = 6A4E2D5F150A4908C42717E4 /* AcademicRecords.swift */; };
		32F11CF98350E1833EF1EABA /* CampusFeature.swift in Sources */ = {isa = PBXBuildFile; fileRef = 35AEED7C9AF26FD0866503B1 /* CampusFeature.swift */; };
		34E8A0C9E28B3F81E7AA8999 /* OfficialCampusAPIClient.swift in Sources */ = {isa = PBXBuildFile; fileRef = 6099C2CFD92F26F36EF43E0D /* OfficialCampusAPIClient.swift */; };
		350846A11DE3C6A41FEA62D2 /* FeatureDetailView.swift in Sources */ = {isa = PBXBuildFile; fileRef = 8924215A5FB3B58A7AEE4D14 /* FeatureDetailView.swift */; };
		4544025F67CBD9A49DB1EA03 /* TodayCampusView.swift in Sources */ = {isa = PBXBuildFile; fileRef = E2D970CEFB3A44F057944DFE /* TodayCampusView.swift */; };
		4E0A19E8D4B4E2F51DEA8DF5 /* AcademicStudentInfoView.swift in Sources */ = {isa = PBXBuildFile; fileRef = 674BAF3726C926029641D4BF /* AcademicStudentInfoView.swift */; };
		4F0803915AD47FC0AD696894 /* ScannerView.swift in Sources */ = {isa = PBXBuildFile; fileRef = 0EA2D3757CE83E7ABC27EA37 /* ScannerView.swift */; };
		511E0A9F822BACD83D23A9EC /* AcademicScheduleSyncView.swift in Sources */ = {isa = PBXBuildFile; fileRef = 3895A08CC43B6CEBF693B0C7 /* AcademicScheduleSyncView.swift */; };
		55A6CE739EC79F3EE48DDF59 /* WidgetScheduleBridge.swift in Sources */ = {isa = PBXBuildFile; fileRef = ACDD4BD05E04F55081BB634B /* WidgetScheduleBridge.swift */; };
		5A27648FC106C74B2D07EB19 /* ScheduleStore.swift in Sources */ = {isa = PBXBuildFile; fileRef = 81DE3CA7F635A188347E7D73 /* ScheduleStore.swift */; };
		5B80267BD16244C636A025D6 /* Assets.xcassets in Resources */ = {isa = PBXBuildFile; fileRef = 56C449DEFB153FC3EAAB8391 /* Assets.xcassets */; };
		5CB9F3C37964AB5522E4155E /* LibraryServiceView.swift in Sources */ = {isa = PBXBuildFile; fileRef = 30643DAEE7FA8A115E1D4893 /* LibraryServiceView.swift */; };
		6CB2A425408E11CDA6ADA8B3 /* HolidayCalendarStore.swift in Sources */ = {isa = PBXBuildFile; fileRef = 21BF4FE41A5B73B381CF7B16 /* HolidayCalendarStore.swift */; };
		72DA1158E53A551EDCB508BD /* CASLoginClient.swift in Sources */ = {isa = PBXBuildFile; fileRef = C1E31F42B6CE0D1A6A764B55 /* CASLoginClient.swift */; };
		7A0D2A9D9712D4D2D719ADB0 /* TomorrowPlanView.swift in Sources */ = {isa = PBXBuildFile; fileRef = 6E5CE0D7860FD901F39A85FB /* TomorrowPlanView.swift */; };
		82DB3FD29B2288C11933E095 /* WeeklyScheduleWidgetView.swift in Sources */ = {isa = PBXBuildFile; fileRef = 5590CDCB6A15985C1C38D7B5 /* WeeklyScheduleWidgetView.swift */; };
		83B66340E190377AF12EE98E /* ScheduleView.swift in Sources */ = {isa = PBXBuildFile; fileRef = 3D44D706B873C376660720FE /* ScheduleView.swift */; };
		868A5E0FC83A8AD742DB982B /* CampusBusService.swift in Sources */ = {isa = PBXBuildFile; fileRef = 3DD09E698193C15812F83E2E /* CampusBusService.swift */; };
		8851A28D10C4AEB0A02E7A9B /* CampusExtraAPIClient.swift in Sources */ = {isa = PBXBuildFile; fileRef = C0BCCCEEB5806678D399FB74 /* CampusExtraAPIClient.swift */; };
		8CE34AC81E598DD85309D9FF /* HFUTScheduleApp.swift in Sources */ = {isa = PBXBuildFile; fileRef = 4572B214A20B0261FA2F0F30 /* HFUTScheduleApp.swift */; };
		8EB74BE1D436DCDA74247798 /* WebVPNURLConverter.swift in Sources */ = {isa = PBXBuildFile; fileRef = A1DA4474D590CF1A1B4882DA /* WebVPNURLConverter.swift */; };
		95CFA9DB2FAB3BA2D9C9CBA9 /* PortalWebView.swift in Sources */ = {isa = PBXBuildFile; fileRef = 48BBD76AF5494A92805F31C3 /* PortalWebView.swift */; };
		990035F594A65DBA8B504B36 /* WeeklyScheduleWidget.swift in Sources */ = {isa = PBXBuildFile; fileRef = 408AB2044F49E87C8654AB41 /* WeeklyScheduleWidget.swift */; };
		9DD211D2A48B03B0D9D7D5EA /* AcademicScheduleModels.swift in Sources */ = {isa = PBXBuildFile; fileRef = 850A144603AEC626B2078445 /* AcademicScheduleModels.swift */; };
		9F7F0BC8BC516C4F8AA5F41A /* HFUTScheduleWidget.appex in Embed Foundation Extensions */ = {isa = PBXBuildFile; fileRef = 3F326CD0B0195DBAE51CC455 /* HFUTScheduleWidget.appex */; settings = {ATTRIBUTES = (RemoveHeadersOnCopy, ); }; };
		A04CA7518993B483A0E3715A /* CampusSessionStore.swift in Sources */ = {isa = PBXBuildFile; fileRef = 7CA03C51666B26531B13C70A /* CampusSessionStore.swift */; };
		A15080593BB0A228EAD13735 /* CampusServiceClient.swift in Sources */ = {isa = PBXBuildFile; fileRef = 4D485DD3E112378BADEBC975 /* CampusServiceClient.swift */; };
		A736EAB22EA96B47F3B03A14 /* CourseDetailView.swift in Sources */ = {isa = PBXBuildFile; fileRef = E4F0E3911F4C88C4F38BEDE4 /* CourseDetailView.swift */; };
		A89CDC21A3CBCE1B7625BC35 /* FeatureCatalogTests.swift in Sources */ = {isa = PBXBuildFile; fileRef = F648DE462AA53268833BE6B1 /* FeatureCatalogTests.swift */; };
		AEF1593C8DA4ABBE2C454C6F /* AppState.swift in Sources */ = {isa = PBXBuildFile; fileRef = 28C31E16CE43EAF7ACA3328B /* AppState.swift */; };
		B19B792954D7E033783D3A04 /* CourseNotificationManager.swift in Sources */ = {isa = PBXBuildFile; fileRef = 1B63DB1CCC021AB0C5537CEA /* CourseNotificationManager.swift */; };
		B2F350128D1AF7FBE8445C76 /* GlassSurface.swift in Sources */ = {isa = PBXBuildFile; fileRef = 4ADF53983339A1298C10365C /* GlassSurface.swift */; };
		B318082EFCEFECD00BE11E52 /* CampusServiceViews.swift in Sources */ = {isa = PBXBuildFile; fileRef = 5F76E0432BA536AABC389F3D /* CampusServiceViews.swift */; };
		C1F569CE2ECC5673AA49A0A6 /* LoginPortalView.swift in Sources */ = {isa = PBXBuildFile; fileRef = FE45D1352FD2E3218B0EDF2B /* LoginPortalView.swift */; };
		CADD806DF8E784963D6C7D59 /* OfficialCampusViews.swift in Sources */ = {isa = PBXBuildFile; fileRef = 33FA276642E6377DAF29C755 /* OfficialCampusViews.swift */; };
		CCD751A0C27C754C43B40686 /* AcademicClient.swift in Sources */ = {isa = PBXBuildFile; fileRef = 59CC42C9774F1D615D57118B /* AcademicClient.swift */; };
		D1CF0ECD4FCE520ED667922F /* ProfileView.swift in Sources */ = {isa = PBXBuildFile; fileRef = AB9BE3AD52A49F2DE355E1AB /* ProfileView.swift */; };
		D40893D53C715F270D34712D /* Course.swift in Sources */ = {isa = PBXBuildFile; fileRef = EA33B515BDFC62F529434E96 /* Course.swift */; };
		D80C46FF857CEC78374F563F /* CampusUpdateViews.swift in Sources */ = {isa = PBXBuildFile; fileRef = B162673363EE24854AB832D8 /* CampusUpdateViews.swift */; };
		D91BC2AC767F10D166BF2592 /* AppShortcuts.swift in Sources */ = {isa = PBXBuildFile; fileRef = 1BE753B35B7C78FB422F52B7 /* AppShortcuts.swift */; };
		DAF3A3FD6789AB7E1CB33199 /* stu.json in Resources */ = {isa = PBXBuildFile; fileRef = 4612EE6FFEF44A60EA8A8DF4 /* stu.json */; };
		DCEFFF99B63C7E53A0B3A506 /* CampusCloudConfig.swift in Sources */ = {isa = PBXBuildFile; fileRef = C02B2BD30AB801728B88AB1E /* CampusCloudConfig.swift */; };
		E00D762B50998695789CC7DB /* SectionHeader.swift in Sources */ = {isa = PBXBuildFile; fileRef = C5EF9BF5E075553B3BC0EE46 /* SectionHeader.swift */; };
		E2B24A5A81BD6535DDDB51FF /* CampusExtraViews.swift in Sources */ = {isa = PBXBuildFile; fileRef = 4DCBDE1C83565BFC82187D11 /* CampusExtraViews.swift */; };
		E4D1D09D23B8460E80592B52 /* NativeCASLoginView.swift in Sources */ = {isa = PBXBuildFile; fileRef = AF3FAC60EC560DFB8387F65B /* NativeCASLoginView.swift */; };
		E92BA98FFDC60D877FE2CE2E /* AcademicPortal.swift in Sources */ = {isa = PBXBuildFile; fileRef = B6F50F664FD3999D8BF74147 /* AcademicPortal.swift */; };
		F60257563B7DB7EFD0F798B1 /* WeeklyScheduleWidgetView.swift in Sources */ = {isa = PBXBuildFile; fileRef = 5590CDCB6A15985C1C38D7B5 /* WeeklyScheduleWidgetView.swift */; };
		F70064FD85CB348FF50F3DF4 /* AcademicStudentStore.swift in Sources */ = {isa = PBXBuildFile; fileRef = F75FBE5E0DF9831524029CC4 /* AcademicStudentStore.swift */; };
		F713BEBE5245477134F169D4 /* AcademicStudentInfo.swift in Sources */ = {isa = PBXBuildFile; fileRef = 557D26BD9EBE2F4E5BCE3836 /* AcademicStudentInfo.swift */; };
		FF98820D9D66CA0D2E5864CD /* AcademicRecordsView.swift in Sources */ = {isa = PBXBuildFile; fileRef = 05BC4332D571BE061D11515E /* AcademicRecordsView.swift */; };
		FFC3A962DBD95BE738A0CC84 /* ScheduleBackupDocument.swift in Sources */ = {isa = PBXBuildFile; fileRef = 82A2C17D5F7A181EABAAD1CC /* ScheduleBackupDocument.swift */; };
/* End PBXBuildFile section */

/* Begin PBXContainerItemProxy section */
		84C3FABD8B5FEBF3EF2C063F /* PBXContainerItemProxy */ = {
			isa = PBXContainerItemProxy;
			containerPortal = D0FAD7D9E7CE038D6D3B1805 /* Project object */;
			proxyType = 1;
			remoteGlobalIDString = CC047040F6EDB38172D571E0;
			remoteInfo = HFUTScheduleWidget;
		};
		B7919A5A2D1B0110883E7068 /* PBXContainerItemProxy */ = {
			isa = PBXContainerItemProxy;
			containerPortal = D0FAD7D9E7CE038D6D3B1805 /* Project object */;
			proxyType = 1;
			remoteGlobalIDString = BF93C226D692DE9727DB1041;
			remoteInfo = HFUTSchedule;
		};
/* End PBXContainerItemProxy section */

/* Begin PBXCopyFilesBuildPhase section */
		91F7CF441D88E5897AE7BF43 /* Embed Foundation Extensions */ = {
			isa = PBXCopyFilesBuildPhase;
			buildActionMask = 2147483647;
			dstPath = "";
			dstSubfolderSpec = 13;
			files = (
				9F7F0BC8BC516C4F8AA5F41A /* HFUTScheduleWidget.appex in Embed Foundation Extensions */,
			);
			name = "Embed Foundation Extensions";
			runOnlyForDeploymentPostprocessing = 0;
		};
/* End PBXCopyFilesBuildPhase section */

/* Begin PBXFileReference section */
		05BC4332D571BE061D11515E /* AcademicRecordsView.swift */ = {isa = PBXFileReference; lastKnownFileType = sourcecode.swift; path = AcademicRecordsView.swift; sourceTree = "<group>"; };
		0EA2D3757CE83E7ABC27EA37 /* ScannerView.swift */ = {isa = PBXFileReference; lastKnownFileType = sourcecode.swift; path = ScannerView.swift; sourceTree = "<group>"; };
		1B63DB1CCC021AB0C5537CEA /* CourseNotificationManager.swift */ = {isa = PBXFileReference; lastKnownFileType = sourcecode.swift; path = CourseNotificationManager.swift; sourceTree = "<group>"; };
		1B76EDDB25B66726ADAC9524 /* AppTheme.swift */ = {isa = PBXFileReference; lastKnownFileType = sourcecode.swift; path = AppTheme.swift; sourceTree = "<group>"; };
		1BA76AAC404659EACC77C157 /* HFUTScheduleWidget.entitlements */ = {isa = PBXFileReference; lastKnownFileType = text.plist.entitlements; path = HFUTScheduleWidget.entitlements; sourceTree = "<group>"; };
		1BE753B35B7C78FB422F52B7 /* AppShortcuts.swift */ = {isa = PBXFileReference; lastKnownFileType = sourcecode.swift; path = AppShortcuts.swift; sourceTree = "<group>"; };
		21BF4FE41A5B73B381CF7B16 /* HolidayCalendarStore.swift */ = {isa = PBXFileReference; lastKnownFileType = sourcecode.swift; path = HolidayCalendarStore.swift; sourceTree = "<group>"; };
		28C31E16CE43EAF7ACA3328B /* AppState.swift */ = {isa = PBXFileReference; lastKnownFileType = sourcecode.swift; path = AppState.swift; sourceTree = "<group>"; };
		2CDD62C425563B3C6DCA848A /* AcademicRecordsStore.swift */ = {isa = PBXFileReference; lastKnownFileType = sourcecode.swift; path = AcademicRecordsStore.swift; sourceTree = "<group>"; };
		2DA4190FCDA3E14E3C0150F0 /* HFUTScheduleWidgetBundle.swift */ = {isa = PBXFileReference; lastKnownFileType = sourcecode.swift; path = HFUTScheduleWidgetBundle.swift; sourceTree = "<group>"; };
		30643DAEE7FA8A115E1D4893 /* LibraryServiceView.swift */ = {isa = PBXFileReference; lastKnownFileType = sourcecode.swift; path = LibraryServiceView.swift; sourceTree = "<group>"; };
		33AAE5713407E15A5FA98457 /* ScheduleSnapshot.json */ = {isa = PBXFileReference; lastKnownFileType = text.json; path = ScheduleSnapshot.json; sourceTree = "<group>"; };
		33FA276642E6377DAF29C755 /* OfficialCampusViews.swift */ = {isa = PBXFileReference; lastKnownFileType = sourcecode.swift; path = OfficialCampusViews.swift; sourceTree = "<group>"; };
		35AEED7C9AF26FD0866503B1 /* CampusFeature.swift */ = {isa = PBXFileReference; lastKnownFileType = sourcecode.swift; path = CampusFeature.swift; sourceTree = "<group>"; };
		3895A08CC43B6CEBF693B0C7 /* AcademicScheduleSyncView.swift */ = {isa = PBXFileReference; lastKnownFileType = sourcecode.swift; path = AcademicScheduleSyncView.swift; sourceTree = "<group>"; };
		3CB4182AD7CCFBDA5BCD9758 /* DashboardView.swift */ = {isa = PBXFileReference; lastKnownFileType = sourcecode.swift; path = DashboardView.swift; sourceTree = "<group>"; };
		3D44D706B873C376660720FE /* ScheduleView.swift */ = {isa = PBXFileReference; lastKnownFileType = sourcecode.swift; path = ScheduleView.swift; sourceTree = "<group>"; };
		3DD09E698193C15812F83E2E /* CampusBusService.swift */ = {isa = PBXFileReference; lastKnownFileType = sourcecode.swift; path = CampusBusService.swift; sourceTree = "<group>"; };
		3F326CD0B0195DBAE51CC455 /* HFUTScheduleWidget.appex */ = {isa = PBXFileReference; includeInIndex = 0; lastKnownFileType = "wrapper.app-extension"; path = HFUTScheduleWidget.appex; sourceTree = BUILT_PRODUCTS_DIR; };
		408AB2044F49E87C8654AB41 /* WeeklyScheduleWidget.swift */ = {isa = PBXFileReference; lastKnownFileType = sourcecode.swift; path = WeeklyScheduleWidget.swift; sourceTree = "<group>"; };
		4572B214A20B0261FA2F0F30 /* HFUTScheduleApp.swift */ = {isa = PBXFileReference; lastKnownFileType = sourcecode.swift; path = HFUTScheduleApp.swift; sourceTree = "<group>"; };
		4612EE6FFEF44A60EA8A8DF4 /* stu.json */ = {isa = PBXFileReference; lastKnownFileType = text.json; path = stu.json; sourceTree = "<group>"; };
		48BBD76AF5494A92805F31C3 /* PortalWebView.swift */ = {isa = PBXFileReference; lastKnownFileType = sourcecode.swift; path = PortalWebView.swift; sourceTree = "<group>"; };
		4ADF53983339A1298C10365C /* GlassSurface.swift */ = {isa = PBXFileReference; lastKnownFileType = sourcecode.swift; path = GlassSurface.swift; sourceTree = "<group>"; };
		4D485DD3E112378BADEBC975 /* CampusServiceClient.swift */ = {isa = PBXFileReference; lastKnownFileType = sourcecode.swift; path = CampusServiceClient.swift; sourceTree = "<group>"; };
		4DCBDE1C83565BFC82187D11 /* CampusExtraViews.swift */ = {isa = PBXFileReference; lastKnownFileType = sourcecode.swift; path = CampusExtraViews.swift; sourceTree = "<group>"; };
		557D26BD9EBE2F4E5BCE3836 /* AcademicStudentInfo.swift */ = {isa = PBXFileReference; lastKnownFileType = sourcecode.swift; path = AcademicStudentInfo.swift; sourceTree = "<group>"; };
		5590CDCB6A15985C1C38D7B5 /* WeeklyScheduleWidgetView.swift */ = {isa = PBXFileReference; lastKnownFileType = sourcecode.swift; path = WeeklyScheduleWidgetView.swift; sourceTree = "<group>"; };
		56C449DEFB153FC3EAAB8391 /* Assets.xcassets */ = {isa = PBXFileReference; lastKnownFileType = folder.assetcatalog; path = Assets.xcassets; sourceTree = "<group>"; };
		594A872EB0360AC8D4B51844 /* HFUTScheduleTests.xctest */ = {isa = PBXFileReference; includeInIndex = 0; lastKnownFileType = wrapper.cfbundle; path = HFUTScheduleTests.xctest; sourceTree = BUILT_PRODUCTS_DIR; };
		59CC42C9774F1D615D57118B /* AcademicClient.swift */ = {isa = PBXFileReference; lastKnownFileType = sourcecode.swift; path = AcademicClient.swift; sourceTree = "<group>"; };
		5F76E0432BA536AABC389F3D /* CampusServiceViews.swift */ = {isa = PBXFileReference; lastKnownFileType = sourcecode.swift; path = CampusServiceViews.swift; sourceTree = "<group>"; };
		6099C2CFD92F26F36EF43E0D /* OfficialCampusAPIClient.swift */ = {isa = PBXFileReference; lastKnownFileType = sourcecode.swift; path = OfficialCampusAPIClient.swift; sourceTree = "<group>"; };
		674BAF3726C926029641D4BF /* AcademicStudentInfoView.swift */ = {isa = PBXFileReference; lastKnownFileType = sourcecode.swift; path = AcademicStudentInfoView.swift; sourceTree = "<group>"; };
		6A4E2D5F150A4908C42717E4 /* AcademicRecords.swift */ = {isa = PBXFileReference; lastKnownFileType = sourcecode.swift; path = AcademicRecords.swift; sourceTree = "<group>"; };
		6E5CE0D7860FD901F39A85FB /* TomorrowPlanView.swift */ = {isa = PBXFileReference; lastKnownFileType = sourcecode.swift; path = TomorrowPlanView.swift; sourceTree = "<group>"; };
		7CA03C51666B26531B13C70A /* CampusSessionStore.swift */ = {isa = PBXFileReference; lastKnownFileType = sourcecode.swift; path = CampusSessionStore.swift; sourceTree = "<group>"; };
		81DE3CA7F635A188347E7D73 /* ScheduleStore.swift */ = {isa = PBXFileReference; lastKnownFileType = sourcecode.swift; path = ScheduleStore.swift; sourceTree = "<group>"; };
		82A2C17D5F7A181EABAAD1CC /* ScheduleBackupDocument.swift */ = {isa = PBXFileReference; lastKnownFileType = sourcecode.swift; path = ScheduleBackupDocument.swift; sourceTree = "<group>"; };
		839B072306659B2A53C5E287 /* RootView.swift */ = {isa = PBXFileReference; lastKnownFileType = sourcecode.swift; path = RootView.swift; sourceTree = "<group>"; };
		850A144603AEC626B2078445 /* AcademicScheduleModels.swift */ = {isa = PBXFileReference; lastKnownFileType = sourcecode.swift; path = AcademicScheduleModels.swift; sourceTree = "<group>"; };
		8924215A5FB3B58A7AEE4D14 /* FeatureDetailView.swift */ = {isa = PBXFileReference; lastKnownFileType = sourcecode.swift; path = FeatureDetailView.swift; sourceTree = "<group>"; };
		A1DA4474D590CF1A1B4882DA /* WebVPNURLConverter.swift */ = {isa = PBXFileReference; lastKnownFileType = sourcecode.swift; path = WebVPNURLConverter.swift; sourceTree = "<group>"; };
		AB9BE3AD52A49F2DE355E1AB /* ProfileView.swift */ = {isa = PBXFileReference; lastKnownFileType = sourcecode.swift; path = ProfileView.swift; sourceTree = "<group>"; };
		ACDD4BD05E04F55081BB634B /* WidgetScheduleBridge.swift */ = {isa = PBXFileReference; lastKnownFileType = sourcecode.swift; path = WidgetScheduleBridge.swift; sourceTree = "<group>"; };
		AF3FAC60EC560DFB8387F65B /* NativeCASLoginView.swift */ = {isa = PBXFileReference; lastKnownFileType = sourcecode.swift; path = NativeCASLoginView.swift; sourceTree = "<group>"; };
		B162673363EE24854AB832D8 /* CampusUpdateViews.swift */ = {isa = PBXFileReference; lastKnownFileType = sourcecode.swift; path = CampusUpdateViews.swift; sourceTree = "<group>"; };
		B6F50F664FD3999D8BF74147 /* AcademicPortal.swift */ = {isa = PBXFileReference; lastKnownFileType = sourcecode.swift; path = AcademicPortal.swift; sourceTree = "<group>"; };
		C02B2BD30AB801728B88AB1E /* CampusCloudConfig.swift */ = {isa = PBXFileReference; lastKnownFileType = sourcecode.swift; path = CampusCloudConfig.swift; sourceTree = "<group>"; };
		C0BCCCEEB5806678D399FB74 /* CampusExtraAPIClient.swift */ = {isa = PBXFileReference; lastKnownFileType = sourcecode.swift; path = CampusExtraAPIClient.swift; sourceTree = "<group>"; };
		C1E31F42B6CE0D1A6A764B55 /* CASLoginClient.swift */ = {isa = PBXFileReference; lastKnownFileType = sourcecode.swift; path = CASLoginClient.swift; sourceTree = "<group>"; };
		C5EF9BF5E075553B3BC0EE46 /* SectionHeader.swift */ = {isa = PBXFileReference; lastKnownFileType = sourcecode.swift; path = SectionHeader.swift; sourceTree = "<group>"; };
		D22DFFF36C01F9DA2A1DA1EF /* HFUTSchedule.entitlements */ = {isa = PBXFileReference; lastKnownFileType = text.plist.entitlements; path = HFUTSchedule.entitlements; sourceTree = "<group>"; };
		D4622359506E21C63B8B6737 /* HFUTSchedule.app */ = {isa = PBXFileReference; includeInIndex = 0; lastKnownFileType = wrapper.application; path = HFUTSchedule.app; sourceTree = BUILT_PRODUCTS_DIR; };
		D5FD1CECED72B517CAFB9A35 /* CalendarExporter.swift */ = {isa = PBXFileReference; lastKnownFileType = sourcecode.swift; path = CalendarExporter.swift; sourceTree = "<group>"; };
		E2D970CEFB3A44F057944DFE /* TodayCampusView.swift */ = {isa = PBXFileReference; lastKnownFileType = sourcecode.swift; path = TodayCampusView.swift; sourceTree = "<group>"; };
		E4F0E3911F4C88C4F38BEDE4 /* CourseDetailView.swift */ = {isa = PBXFileReference; lastKnownFileType = sourcecode.swift; path = CourseDetailView.swift; sourceTree = "<group>"; };
		EA33B515BDFC62F529434E96 /* Course.swift */ = {isa = PBXFileReference; lastKnownFileType = sourcecode.swift; path = Course.swift; sourceTree = "<group>"; };
		F03F1F2C114B2F08FACF3C8D /* Info.plist */ = {isa = PBXFileReference; lastKnownFileType = text.plist; path = Info.plist; sourceTree = "<group>"; };
		F63E7F4E7F025381234C540A /* Info.plist */ = {isa = PBXFileReference; lastKnownFileType = text.plist; path = Info.plist; sourceTree = "<group>"; };
		F648DE462AA53268833BE6B1 /* FeatureCatalogTests.swift */ = {isa = PBXFileReference; lastKnownFileType = sourcecode.swift; path = FeatureCatalogTests.swift; sourceTree = "<group>"; };
		F75FBE5E0DF9831524029CC4 /* AcademicStudentStore.swift */ = {isa = PBXFileReference; lastKnownFileType = sourcecode.swift; path = AcademicStudentStore.swift; sourceTree = "<group>"; };
		FC0F020B95A60E658FCAD4CB /* ServicesView.swift */ = {isa = PBXFileReference; lastKnownFileType = sourcecode.swift; path = ServicesView.swift; sourceTree = "<group>"; };
		FD40303895B0A8B2481787B3 /* TimetableGridView.swift */ = {isa = PBXFileReference; lastKnownFileType = sourcecode.swift; path = TimetableGridView.swift; sourceTree = "<group>"; };
		FE45D1352FD2E3218B0EDF2B /* LoginPortalView.swift */ = {isa = PBXFileReference; lastKnownFileType = sourcecode.swift; path = LoginPortalView.swift; sourceTree = "<group>"; };
/* End PBXFileReference section */

/* Begin PBXGroup section */
		29476BA9328ECFB53F622E3E /* Components */ = {
			isa = PBXGroup;
			children = (
				4ADF53983339A1298C10365C /* GlassSurface.swift */,
				C5EF9BF5E075553B3BC0EE46 /* SectionHeader.swift */,
			);
			path = Components;
			sourceTree = "<group>";
		};
		5051FE4C29078D66C1DE989A /* HFUTScheduleWidget */ = {
			isa = PBXGroup;
			children = (
				1BA76AAC404659EACC77C157 /* HFUTScheduleWidget.entitlements */,
				2DA4190FCDA3E14E3C0150F0 /* HFUTScheduleWidgetBundle.swift */,
				F03F1F2C114B2F08FACF3C8D /* Info.plist */,
				33AAE5713407E15A5FA98457 /* ScheduleSnapshot.json */,
				408AB2044F49E87C8654AB41 /* WeeklyScheduleWidget.swift */,
			);
			path = HFUTScheduleWidget;
			sourceTree = "<group>";
		};
		66DFDF2DAC7C77D214665B47 /* HFUTScheduleTests */ = {
			isa = PBXGroup;
			children = (
				F648DE462AA53268833BE6B1 /* FeatureCatalogTests.swift */,
			);
			path = HFUTScheduleTests;
			sourceTree = "<group>";
		};
		6A9C07C87B6083E64975DC88 /* Models */ = {
			isa = PBXGroup;
			children = (
				6A4E2D5F150A4908C42717E4 /* AcademicRecords.swift */,
				557D26BD9EBE2F4E5BCE3836 /* AcademicStudentInfo.swift */,
				35AEED7C9AF26FD0866503B1 /* CampusFeature.swift */,
				EA33B515BDFC62F529434E96 /* Course.swift */,
			);
			path = Models;
			sourceTree = "<group>";
		};
		ADA3788C9D960097A29D9F16 /* Shared */ = {
			isa = PBXGroup;
			children = (
				5590CDCB6A15985C1C38D7B5 /* WeeklyScheduleWidgetView.swift */,
				ACDD4BD05E04F55081BB634B /* WidgetScheduleBridge.swift */,
			);
			path = Shared;
			sourceTree = "<group>";
		};
		BFDF154AF4B28E71331BDF66 /* HFUTSchedule */ = {
			isa = PBXGroup;
			children = (
				28C31E16CE43EAF7ACA3328B /* AppState.swift */,
				1B76EDDB25B66726ADAC9524 /* AppTheme.swift */,
				D22DFFF36C01F9DA2A1DA1EF /* HFUTSchedule.entitlements */,
				4572B214A20B0261FA2F0F30 /* HFUTScheduleApp.swift */,
				F63E7F4E7F025381234C540A /* Info.plist */,
				839B072306659B2A53C5E287 /* RootView.swift */,
				29476BA9328ECFB53F622E3E /* Components */,
				6A9C07C87B6083E64975DC88 /* Models */,
				F0EA468035002E6653598EDB /* Resources */,
				C5252B0A3004BC3BBA69C4AF /* Services */,
				FF044581D15BC7C19737870F /* Views */,
			);
			path = HFUTSchedule;
			sourceTree = "<group>";
		};
		C5252B0A3004BC3BBA69C4AF /* Services */ = {
			isa = PBXGroup;
			children = (
				59CC42C9774F1D615D57118B /* AcademicClient.swift */,
				B6F50F664FD3999D8BF74147 /* AcademicPortal.swift */,
				2CDD62C425563B3C6DCA848A /* AcademicRecordsStore.swift */,
				850A144603AEC626B2078445 /* AcademicScheduleModels.swift */,
				F75FBE5E0DF9831524029CC4 /* AcademicStudentStore.swift */,
				1BE753B35B7C78FB422F52B7 /* AppShortcuts.swift */,
				D5FD1CECED72B517CAFB9A35 /* CalendarExporter.swift */,
				3DD09E698193C15812F83E2E /* CampusBusService.swift */,
				C02B2BD30AB801728B88AB1E /* CampusCloudConfig.swift */,
				C0BCCCEEB5806678D399FB74 /* CampusExtraAPIClient.swift */,
				4D485DD3E112378BADEBC975 /* CampusServiceClient.swift */,
				7CA03C51666B26531B13C70A /* CampusSessionStore.swift */,
				C1E31F42B6CE0D1A6A764B55 /* CASLoginClient.swift */,
				1B63DB1CCC021AB0C5537CEA /* CourseNotificationManager.swift */,
				21BF4FE41A5B73B381CF7B16 /* HolidayCalendarStore.swift */,
				6099C2CFD92F26F36EF43E0D /* OfficialCampusAPIClient.swift */,
				82A2C17D5F7A181EABAAD1CC /* ScheduleBackupDocument.swift */,
				81DE3CA7F635A188347E7D73 /* ScheduleStore.swift */,
				A1DA4474D590CF1A1B4882DA /* WebVPNURLConverter.swift */,
			);
			path = Services;
			sourceTree = "<group>";
		};
		D118BA49B6533635D0EA8CA4 /* Products */ = {
			isa = PBXGroup;
			children = (
				D4622359506E21C63B8B6737 /* HFUTSchedule.app */,
				594A872EB0360AC8D4B51844 /* HFUTScheduleTests.xctest */,
				3F326CD0B0195DBAE51CC455 /* HFUTScheduleWidget.appex */,
			);
			name = Products;
			sourceTree = "<group>";
		};
		EF9B8BC90168B91E25EF83CB = {
			isa = PBXGroup;
			children = (
				BFDF154AF4B28E71331BDF66 /* HFUTSchedule */,
				66DFDF2DAC7C77D214665B47 /* HFUTScheduleTests */,
				5051FE4C29078D66C1DE989A /* HFUTScheduleWidget */,
				ADA3788C9D960097A29D9F16 /* Shared */,
				D118BA49B6533635D0EA8CA4 /* Products */,
			);
			sourceTree = "<group>";
		};
		F0EA468035002E6653598EDB /* Resources */ = {
			isa = PBXGroup;
			children = (
				56C449DEFB153FC3EAAB8391 /* Assets.xcassets */,
				4612EE6FFEF44A60EA8A8DF4 /* stu.json */,
			);
			path = Resources;
			sourceTree = "<group>";
		};
		FF044581D15BC7C19737870F /* Views */ = {
			isa = PBXGroup;
			children = (
				05BC4332D571BE061D11515E /* AcademicRecordsView.swift */,
				3895A08CC43B6CEBF693B0C7 /* AcademicScheduleSyncView.swift */,
				674BAF3726C926029641D4BF /* AcademicStudentInfoView.swift */,
				4DCBDE1C83565BFC82187D11 /* CampusExtraViews.swift */,
				5F76E0432BA536AABC389F3D /* CampusServiceViews.swift */,
				B162673363EE24854AB832D8 /* CampusUpdateViews.swift */,
				E4F0E3911F4C88C4F38BEDE4 /* CourseDetailView.swift */,
				3CB4182AD7CCFBDA5BCD9758 /* DashboardView.swift */,
				8924215A5FB3B58A7AEE4D14 /* FeatureDetailView.swift */,
				30643DAEE7FA8A115E1D4893 /* LibraryServiceView.swift */,
				FE45D1352FD2E3218B0EDF2B /* LoginPortalView.swift */,
				AF3FAC60EC560DFB8387F65B /* NativeCASLoginView.swift */,
				33FA276642E6377DAF29C755 /* OfficialCampusViews.swift */,
				48BBD76AF5494A92805F31C3 /* PortalWebView.swift */,
				AB9BE3AD52A49F2DE355E1AB /* ProfileView.swift */,
				0EA2D3757CE83E7ABC27EA37 /* ScannerView.swift */,
				3D44D706B873C376660720FE /* ScheduleView.swift */,
				FC0F020B95A60E658FCAD4CB /* ServicesView.swift */,
				FD40303895B0A8B2481787B3 /* TimetableGridView.swift */,
				E2D970CEFB3A44F057944DFE /* TodayCampusView.swift */,
				6E5CE0D7860FD901F39A85FB /* TomorrowPlanView.swift */,
			);
			path = Views;
			sourceTree = "<group>";
		};
/* End PBXGroup section */

/* Begin PBXNativeTarget section */
		BF93C226D692DE9727DB1041 /* HFUTSchedule */ = {
			isa = PBXNativeTarget;
			buildConfigurationList = 7CB650EF375863F907B142AD /* Build configuration list for PBXNativeTarget "HFUTSchedule" */;
			buildPhases = (
				E95AC73F28A6FCF13D0A2606 /* Sources */,
				7D143E0936C7CFCF913EFE94 /* Resources */,
				91F7CF441D88E5897AE7BF43 /* Embed Foundation Extensions */,
			);
			buildRules = (
			);
			dependencies = (
				B11DB2633CC5DB2451DC741E /* PBXTargetDependency */,
			);
			name = HFUTSchedule;
			packageProductDependencies = (
			);
			productName = HFUTSchedule;
			productReference = D4622359506E21C63B8B6737 /* HFUTSchedule.app */;
			productType = "com.apple.product-type.application";
		};
		CC047040F6EDB38172D571E0 /* HFUTScheduleWidget */ = {
			isa = PBXNativeTarget;
			buildConfigurationList = C6C8455E9DA5F354FF863817 /* Build configuration list for PBXNativeTarget "HFUTScheduleWidget" */;
			buildPhases = (
				EE4E285BC69D8128F3F49361 /* Sources */,
				0F957C5F95650424E9EEC253 /* Resources */,
			);
			buildRules = (
			);
			dependencies = (
			);
			name = HFUTScheduleWidget;
			packageProductDependencies = (
			);
			productName = HFUTScheduleWidget;
			productReference = 3F326CD0B0195DBAE51CC455 /* HFUTScheduleWidget.appex */;
			productType = "com.apple.product-type.app-extension";
		};
		E7284FDF09F320962B681E62 /* HFUTScheduleTests */ = {
			isa = PBXNativeTarget;
			buildConfigurationList = 8A6DA24FE0B2F3EB13B4ECA3 /* Build configuration list for PBXNativeTarget "HFUTScheduleTests" */;
			buildPhases = (
				9FC8AF9D3B93459E620BB916 /* Sources */,
			);
			buildRules = (
			);
			dependencies = (
				2DECA870E386270C1CECC9A2 /* PBXTargetDependency */,
			);
			name = HFUTScheduleTests;
			packageProductDependencies = (
			);
			productName = HFUTScheduleTests;
			productReference = 594A872EB0360AC8D4B51844 /* HFUTScheduleTests.xctest */;
			productType = "com.apple.product-type.bundle.unit-test";
		};
/* End PBXNativeTarget section */

/* Begin PBXProject section */
		D0FAD7D9E7CE038D6D3B1805 /* Project object */ = {
			isa = PBXProject;
			attributes = {
				BuildIndependentTargetsInParallel = YES;
				LastUpgradeCheck = 2700;
				TargetAttributes = {
					BF93C226D692DE9727DB1041 = {
						DevelopmentTeam = K6T9P3LS8V;
						ProvisioningStyle = Automatic;
					};
					CC047040F6EDB38172D571E0 = {
						DevelopmentTeam = K6T9P3LS8V;
						ProvisioningStyle = Automatic;
					};
					E7284FDF09F320962B681E62 = {
						DevelopmentTeam = K6T9P3LS8V;
						ProvisioningStyle = Automatic;
					};
				};
			};
			buildConfigurationList = F68627319857571F5F6B76BE /* Build configuration list for PBXProject "HFUTSchedule" */;
			developmentRegion = en;
			hasScannedForEncodings = 0;
			knownRegions = (
				Base,
				en,
			);
			mainGroup = EF9B8BC90168B91E25EF83CB;
			minimizedProjectReferenceProxies = 1;
			preferredProjectObjectVersion = 77;
			productRefGroup = D118BA49B6533635D0EA8CA4 /* Products */;
			projectDirPath = "";
			projectRoot = "";
			targets = (
				BF93C226D692DE9727DB1041 /* HFUTSchedule */,
				CC047040F6EDB38172D571E0 /* HFUTScheduleWidget */,
				E7284FDF09F320962B681E62 /* HFUTScheduleTests */,
			);
		};
/* End PBXProject section */

/* Begin PBXResourcesBuildPhase section */
		0F957C5F95650424E9EEC253 /* Resources */ = {
			isa = PBXResourcesBuildPhase;
			buildActionMask = 2147483647;
			files = (
				19F73BC23D8786A5F190675C /* ScheduleSnapshot.json in Resources */,
			);
			runOnlyForDeploymentPostprocessing = 0;
		};
		7D143E0936C7CFCF913EFE94 /* Resources */ = {
			isa = PBXResourcesBuildPhase;
			buildActionMask = 2147483647;
			files = (
				5B80267BD16244C636A025D6 /* Assets.xcassets in Resources */,
				DAF3A3FD6789AB7E1CB33199 /* stu.json in Resources */,
			);
			runOnlyForDeploymentPostprocessing = 0;
		};
/* End PBXResourcesBuildPhase section */

/* Begin PBXSourcesBuildPhase section */
		9FC8AF9D3B93459E620BB916 /* Sources */ = {
			isa = PBXSourcesBuildPhase;
			buildActionMask = 2147483647;
			files = (
				A89CDC21A3CBCE1B7625BC35 /* FeatureCatalogTests.swift in Sources */,
			);
			runOnlyForDeploymentPostprocessing = 0;
		};
		E95AC73F28A6FCF13D0A2606 /* Sources */ = {
			isa = PBXSourcesBuildPhase;
			buildActionMask = 2147483647;
			files = (
				CCD751A0C27C754C43B40686 /* AcademicClient.swift in Sources */,
				E92BA98FFDC60D877FE2CE2E /* AcademicPortal.swift in Sources */,
				301D3230C6E1F5A1C14023ED /* AcademicRecords.swift in Sources */,
				2D8941CD276C37F2996529D4 /* AcademicRecordsStore.swift in Sources */,
				FF98820D9D66CA0D2E5864CD /* AcademicRecordsView.swift in Sources */,
				9DD211D2A48B03B0D9D7D5EA /* AcademicScheduleModels.swift in Sources */,
				511E0A9F822BACD83D23A9EC /* AcademicScheduleSyncView.swift in Sources */,
				F713BEBE5245477134F169D4 /* AcademicStudentInfo.swift in Sources */,
				4E0A19E8D4B4E2F51DEA8DF5 /* AcademicStudentInfoView.swift in Sources */,
				F70064FD85CB348FF50F3DF4 /* AcademicStudentStore.swift in Sources */,
				D91BC2AC767F10D166BF2592 /* AppShortcuts.swift in Sources */,
				AEF1593C8DA4ABBE2C454C6F /* AppState.swift in Sources */,
				1296C7DDDD35A78821A56373 /* AppTheme.swift in Sources */,
				72DA1158E53A551EDCB508BD /* CASLoginClient.swift in Sources */,
				0E66697DE559CFBE503EA9D6 /* CalendarExporter.swift in Sources */,
				868A5E0FC83A8AD742DB982B /* CampusBusService.swift in Sources */,
				DCEFFF99B63C7E53A0B3A506 /* CampusCloudConfig.swift in Sources */,
				8851A28D10C4AEB0A02E7A9B /* CampusExtraAPIClient.swift in Sources */,
				E2B24A5A81BD6535DDDB51FF /* CampusExtraViews.swift in Sources */,
				32F11CF98350E1833EF1EABA /* CampusFeature.swift in Sources */,
				A15080593BB0A228EAD13735 /* CampusServiceClient.swift in Sources */,
				B318082EFCEFECD00BE11E52 /* CampusServiceViews.swift in Sources */,
				A04CA7518993B483A0E3715A /* CampusSessionStore.swift in Sources */,
				D80C46FF857CEC78374F563F /* CampusUpdateViews.swift in Sources */,
				D40893D53C715F270D34712D /* Course.swift in Sources */,
				A736EAB22EA96B47F3B03A14 /* CourseDetailView.swift in Sources */,
				B19B792954D7E033783D3A04 /* CourseNotificationManager.swift in Sources */,
				1E15A291EBA98CE8070F9BD1 /* DashboardView.swift in Sources */,
				350846A11DE3C6A41FEA62D2 /* FeatureDetailView.swift in Sources */,
				B2F350128D1AF7FBE8445C76 /* GlassSurface.swift in Sources */,
				8CE34AC81E598DD85309D9FF /* HFUTScheduleApp.swift in Sources */,
				6CB2A425408E11CDA6ADA8B3 /* HolidayCalendarStore.swift in Sources */,
				5CB9F3C37964AB5522E4155E /* LibraryServiceView.swift in Sources */,
				C1F569CE2ECC5673AA49A0A6 /* LoginPortalView.swift in Sources */,
				E4D1D09D23B8460E80592B52 /* NativeCASLoginView.swift in Sources */,
				34E8A0C9E28B3F81E7AA8999 /* OfficialCampusAPIClient.swift in Sources */,
				CADD806DF8E784963D6C7D59 /* OfficialCampusViews.swift in Sources */,
				95CFA9DB2FAB3BA2D9C9CBA9 /* PortalWebView.swift in Sources */,
				D1CF0ECD4FCE520ED667922F /* ProfileView.swift in Sources */,
				1488F06A28630B2B1803A6E7 /* RootView.swift in Sources */,
				4F0803915AD47FC0AD696894 /* ScannerView.swift in Sources */,
				FFC3A962DBD95BE738A0CC84 /* ScheduleBackupDocument.swift in Sources */,
				5A27648FC106C74B2D07EB19 /* ScheduleStore.swift in Sources */,
				83B66340E190377AF12EE98E /* ScheduleView.swift in Sources */,
				E00D762B50998695789CC7DB /* SectionHeader.swift in Sources */,
				2C1E67D687D8D240EA372E94 /* ServicesView.swift in Sources */,
				296A64E9AABE1021F17589A0 /* TimetableGridView.swift in Sources */,
				4544025F67CBD9A49DB1EA03 /* TodayCampusView.swift in Sources */,
				7A0D2A9D9712D4D2D719ADB0 /* TomorrowPlanView.swift in Sources */,
				8EB74BE1D436DCDA74247798 /* WebVPNURLConverter.swift in Sources */,
				F60257563B7DB7EFD0F798B1 /* WeeklyScheduleWidgetView.swift in Sources */,
				55A6CE739EC79F3EE48DDF59 /* WidgetScheduleBridge.swift in Sources */,
			);
			runOnlyForDeploymentPostprocessing = 0;
		};
		EE4E285BC69D8128F3F49361 /* Sources */ = {
			isa = PBXSourcesBuildPhase;
			buildActionMask = 2147483647;
			files = (
				2B3E91D0A612E14F6CC0B3CD /* HFUTScheduleWidgetBundle.swift in Sources */,
				990035F594A65DBA8B504B36 /* WeeklyScheduleWidget.swift in Sources */,
				82DB3FD29B2288C11933E095 /* WeeklyScheduleWidgetView.swift in Sources */,
				2C6BBA5B773B4DAC66AB4FEB /* WidgetScheduleBridge.swift in Sources */,
			);
			runOnlyForDeploymentPostprocessing = 0;
		};
/* End PBXSourcesBuildPhase section */

/* Begin PBXTargetDependency section */
		2DECA870E386270C1CECC9A2 /* PBXTargetDependency */ = {
			isa = PBXTargetDependency;
			target = BF93C226D692DE9727DB1041 /* HFUTSchedule */;
			targetProxy = B7919A5A2D1B0110883E7068 /* PBXContainerItemProxy */;
		};
		B11DB2633CC5DB2451DC741E /* PBXTargetDependency */ = {
			isa = PBXTargetDependency;
			target = CC047040F6EDB38172D571E0 /* HFUTScheduleWidget */;
			targetProxy = 84C3FABD8B5FEBF3EF2C063F /* PBXContainerItemProxy */;
		};
/* End PBXTargetDependency section */

/* Begin XCBuildConfiguration section */
		121DDDB621F5BA1A2B98DA73 /* Release */ = {
			isa = XCBuildConfiguration;
			buildSettings = {
				ALWAYS_SEARCH_USER_PATHS = NO;
				ASSETCATALOG_COMPILER_GENERATE_SWIFT_ASSET_SYMBOL_EXTENSIONS = YES;
				CLANG_ANALYZER_NONNULL = YES;
				CLANG_ANALYZER_NUMBER_OBJECT_CONVERSION = YES_AGGRESSIVE;
				CLANG_CXX_LANGUAGE_STANDARD = "gnu++14";
				CLANG_CXX_LIBRARY = "libc++";
				CLANG_ENABLE_MODULES = YES;
				CLANG_ENABLE_OBJC_ARC = YES;
				CLANG_ENABLE_OBJC_WEAK = YES;
				CLANG_WARN_BLOCK_CAPTURE_AUTORELEASING = YES;
				CLANG_WARN_BOOL_CONVERSION = YES;
				CLANG_WARN_COMMA = YES;
				CLANG_WARN_CONSTANT_CONVERSION = YES;
				CLANG_WARN_DEPRECATED_OBJC_IMPLEMENTATIONS = YES;
				CLANG_WARN_DIRECT_OBJC_ISA_USAGE = YES_ERROR;
				CLANG_WARN_DOCUMENTATION_COMMENTS = YES;
				CLANG_WARN_EMPTY_BODY = YES;
				CLANG_WARN_ENUM_CONVERSION = YES;
				CLANG_WARN_INFINITE_RECURSION = YES;
				CLANG_WARN_INT_CONVERSION = YES;
				CLANG_WARN_NON_LITERAL_NULL_CONVERSION = YES;
				CLANG_WARN_OBJC_IMPLICIT_RETAIN_SELF = YES;
				CLANG_WARN_OBJC_LITERAL_CONVERSION = YES;
				CLANG_WARN_OBJC_ROOT_CLASS = YES_ERROR;
				CLANG_WARN_QUOTED_INCLUDE_IN_FRAMEWORK_HEADER = YES;
				CLANG_WARN_RANGE_LOOP_ANALYSIS = YES;
				CLANG_WARN_STRICT_PROTOTYPES = YES;
				CLANG_WARN_SUSPICIOUS_MOVE = YES;
				CLANG_WARN_UNGUARDED_AVAILABILITY = YES_AGGRESSIVE;
				CLANG_WARN_UNREACHABLE_CODE = YES;
				CLANG_WARN__DUPLICATE_METHOD_MATCH = YES;
				CODE_SIGN_STYLE = Automatic;
				COPY_PHASE_STRIP = NO;
				DEBUG_INFORMATION_FORMAT = "dwarf-with-dsym";
				DEVELOPMENT_TEAM = K6T9P3LS8V;
				ENABLE_NS_ASSERTIONS = NO;
				ENABLE_STRICT_OBJC_MSGSEND = YES;
				ENABLE_USER_SCRIPT_SANDBOXING = YES;
				GCC_C_LANGUAGE_STANDARD = gnu11;
				GCC_NO_COMMON_BLOCKS = YES;
				GCC_WARN_64_TO_32_BIT_CONVERSION = YES;
				GCC_WARN_ABOUT_RETURN_TYPE = YES_ERROR;
				GCC_WARN_UNDECLARED_SELECTOR = YES;
				GCC_WARN_UNINITIALIZED_AUTOS = YES_AGGRESSIVE;
				GCC_WARN_UNUSED_FUNCTION = YES;
				GCC_WARN_UNUSED_VARIABLE = YES;
				IPHONEOS_DEPLOYMENT_TARGET = 17.0;
				MTL_ENABLE_DEBUG_INFO = NO;
				MTL_FAST_MATH = YES;
				PRODUCT_NAME = "$(TARGET_NAME)";
				SDKROOT = iphoneos;
				SWIFT_COMPILATION_MODE = wholemodule;
				SWIFT_OPTIMIZATION_LEVEL = "-O";
				SWIFT_VERSION = 5.0;
			};
			name = Release;
		};
		18BBB2E143781CEE1EC766D8 /* Release */ = {
			isa = XCBuildConfiguration;
			buildSettings = {
				ASSETCATALOG_COMPILER_APPICON_NAME = AppIcon;
				ASSETCATALOG_COMPILER_GLOBAL_ACCENT_COLOR_NAME = AccentColor;
				CODE_SIGNING_ALLOWED = YES;
				CODE_SIGN_ENTITLEMENTS = HFUTSchedule/HFUTSchedule.entitlements;
				CODE_SIGN_IDENTITY = "iPhone Developer";
				CURRENT_PROJECT_VERSION = 1;
				GENERATE_INFOPLIST_FILE = NO;
				INFOPLIST_FILE = HFUTSchedule/Info.plist;
				LD_RUNPATH_SEARCH_PATHS = (
					"$(inherited)",
					"@executable_path/Frameworks",
				);
				MARKETING_VERSION = 0.1.0;
				PRODUCT_BUNDLE_IDENTIFIER = com.xiaozhangwangxue.hfutschedule.ios;
				PRODUCT_NAME = HFUTSchedule;
				SDKROOT = iphoneos;
				SUPPORTS_MACCATALYST = NO;
				TARGETED_DEVICE_FAMILY = "1,2";
			};
			name = Release;
		};
		6532C8B1C57D87A2DFE6566E /* Release */ = {
			isa = XCBuildConfiguration;
			buildSettings = {
				BUNDLE_LOADER = "$(TEST_HOST)";
				CODE_SIGNING_ALLOWED = YES;
				CODE_SIGN_STYLE = Automatic;
				DEVELOPMENT_TEAM = K6T9P3LS8V;
				GENERATE_INFOPLIST_FILE = YES;
				LD_RUNPATH_SEARCH_PATHS = (
					"$(inherited)",
					"@executable_path/Frameworks",
					"@loader_path/Frameworks",
				);
				PRODUCT_BUNDLE_IDENTIFIER = com.xiaozhangwangxue.hfutschedule.ios.tests;
				SDKROOT = iphoneos;
				TARGETED_DEVICE_FAMILY = "1,2";
				TEST_HOST = "$(BUILT_PRODUCTS_DIR)/HFUTSchedule.app/HFUTSchedule";
			};
			name = Release;
		};
		7DBCBD182337CF3D08F3948E /* Debug */ = {
			isa = XCBuildConfiguration;
			buildSettings = {
				ASSETCATALOG_COMPILER_APPICON_NAME = AppIcon;
				ASSETCATALOG_COMPILER_GLOBAL_ACCENT_COLOR_NAME = AccentColor;
				CODE_SIGNING_ALLOWED = YES;
				CODE_SIGN_ENTITLEMENTS = HFUTSchedule/HFUTSchedule.entitlements;
				CODE_SIGN_IDENTITY = "iPhone Developer";
				CURRENT_PROJECT_VERSION = 1;
				GENERATE_INFOPLIST_FILE = NO;
				INFOPLIST_FILE = HFUTSchedule/Info.plist;
				LD_RUNPATH_SEARCH_PATHS = (
					"$(inherited)",
					"@executable_path/Frameworks",
				);
				MARKETING_VERSION = 0.1.0;
				PRODUCT_BUNDLE_IDENTIFIER = com.xiaozhangwangxue.hfutschedule.ios;
				PRODUCT_NAME = HFUTSchedule;
				SDKROOT = iphoneos;
				SUPPORTS_MACCATALYST = NO;
				TARGETED_DEVICE_FAMILY = "1,2";
			};
			name = Debug;
		};
		CB013367C47CC29FAE8A06FC /* Debug */ = {
			isa = XCBuildConfiguration;
			buildSettings = {
				ALWAYS_SEARCH_USER_PATHS = NO;
				ASSETCATALOG_COMPILER_GENERATE_SWIFT_ASSET_SYMBOL_EXTENSIONS = YES;
				CLANG_ANALYZER_NONNULL = YES;
				CLANG_ANALYZER_NUMBER_OBJECT_CONVERSION = YES_AGGRESSIVE;
				CLANG_CXX_LANGUAGE_STANDARD = "gnu++14";
				CLANG_CXX_LIBRARY = "libc++";
				CLANG_ENABLE_MODULES = YES;
				CLANG_ENABLE_OBJC_ARC = YES;
				CLANG_ENABLE_OBJC_WEAK = YES;
				CLANG_WARN_BLOCK_CAPTURE_AUTORELEASING = YES;
				CLANG_WARN_BOOL_CONVERSION = YES;
				CLANG_WARN_COMMA = YES;
				CLANG_WARN_CONSTANT_CONVERSION = YES;
				CLANG_WARN_DEPRECATED_OBJC_IMPLEMENTATIONS = YES;
				CLANG_WARN_DIRECT_OBJC_ISA_USAGE = YES_ERROR;
				CLANG_WARN_DOCUMENTATION_COMMENTS = YES;
				CLANG_WARN_EMPTY_BODY = YES;
				CLANG_WARN_ENUM_CONVERSION = YES;
				CLANG_WARN_INFINITE_RECURSION = YES;
				CLANG_WARN_INT_CONVERSION = YES;
				CLANG_WARN_NON_LITERAL_NULL_CONVERSION = YES;
				CLANG_WARN_OBJC_IMPLICIT_RETAIN_SELF = YES;
				CLANG_WARN_OBJC_LITERAL_CONVERSION = YES;
				CLANG_WARN_OBJC_ROOT_CLASS = YES_ERROR;
				CLANG_WARN_QUOTED_INCLUDE_IN_FRAMEWORK_HEADER = YES;
				CLANG_WARN_RANGE_LOOP_ANALYSIS = YES;
				CLANG_WARN_STRICT_PROTOTYPES = YES;
				CLANG_WARN_SUSPICIOUS_MOVE = YES;
				CLANG_WARN_UNGUARDED_AVAILABILITY = YES_AGGRESSIVE;
				CLANG_WARN_UNREACHABLE_CODE = YES;
				CLANG_WARN__DUPLICATE_METHOD_MATCH = YES;
				CODE_SIGN_STYLE = Automatic;
				COPY_PHASE_STRIP = NO;
				DEBUG_INFORMATION_FORMAT = dwarf;
				DEVELOPMENT_TEAM = K6T9P3LS8V;
				ENABLE_STRICT_OBJC_MSGSEND = YES;
				ENABLE_TESTABILITY = YES;
				ENABLE_USER_SCRIPT_SANDBOXING = YES;
				GCC_C_LANGUAGE_STANDARD = gnu11;
				GCC_DYNAMIC_NO_PIC = NO;
				GCC_NO_COMMON_BLOCKS = YES;
				GCC_OPTIMIZATION_LEVEL = 0;
				GCC_PREPROCESSOR_DEFINITIONS = (
					"$(inherited)",
					"DEBUG=1",
				);
				GCC_WARN_64_TO_32_BIT_CONVERSION = YES;
				GCC_WARN_ABOUT_RETURN_TYPE = YES_ERROR;
				GCC_WARN_UNDECLARED_SELECTOR = YES;
				GCC_WARN_UNINITIALIZED_AUTOS = YES_AGGRESSIVE;
				GCC_WARN_UNUSED_FUNCTION = YES;
				GCC_WARN_UNUSED_VARIABLE = YES;
				IPHONEOS_DEPLOYMENT_TARGET = 17.0;
				MTL_ENABLE_DEBUG_INFO = INCLUDE_SOURCE;
				MTL_FAST_MATH = YES;
				ONLY_ACTIVE_ARCH = YES;
				PRODUCT_NAME = "$(TARGET_NAME)";
				SDKROOT = iphoneos;
				SWIFT_ACTIVE_COMPILATION_CONDITIONS = DEBUG;
				SWIFT_OPTIMIZATION_LEVEL = "-Onone";
				SWIFT_VERSION = 5.0;
			};
			name = Debug;
		};
		D7B21FC38800C742F7A28277 /* Debug */ = {
			isa = XCBuildConfiguration;
			buildSettings = {
				APPLICATION_EXTENSION_API_ONLY = YES;
				CODE_SIGNING_ALLOWED = YES;
				CODE_SIGN_ENTITLEMENTS = HFUTScheduleWidget/HFUTScheduleWidget.entitlements;
				CURRENT_PROJECT_VERSION = 1;
				GENERATE_INFOPLIST_FILE = NO;
				INFOPLIST_FILE = HFUTScheduleWidget/Info.plist;
				LD_RUNPATH_SEARCH_PATHS = (
					"$(inherited)",
					"@executable_path/Frameworks",
					"@executable_path/../../Frameworks",
				);
				MARKETING_VERSION = 0.1.0;
				PRODUCT_BUNDLE_IDENTIFIER = com.xiaozhangwangxue.hfutschedule.ios.widget;
				PRODUCT_NAME = HFUTScheduleWidget;
				SDKROOT = iphoneos;
				SKIP_INSTALL = YES;
				SUPPORTS_MACCATALYST = NO;
				SWIFT_EMIT_LOC_STRINGS = YES;
				TARGETED_DEVICE_FAMILY = "1,2";
			};
			name = Debug;
		};
		EEBDD59B630E4BDA1B0242EF /* Release */ = {
			isa = XCBuildConfiguration;
			buildSettings = {
				APPLICATION_EXTENSION_API_ONLY = YES;
				CODE_SIGNING_ALLOWED = YES;
				CODE_SIGN_ENTITLEMENTS = HFUTScheduleWidget/HFUTScheduleWidget.entitlements;
				CURRENT_PROJECT_VERSION = 1;
				GENERATE_INFOPLIST_FILE = NO;
				INFOPLIST_FILE = HFUTScheduleWidget/Info.plist;
				LD_RUNPATH_SEARCH_PATHS = (
					"$(inherited)",
					"@executable_path/Frameworks",
					"@executable_path/../../Frameworks",
				);
				MARKETING_VERSION = 0.1.0;
				PRODUCT_BUNDLE_IDENTIFIER = com.xiaozhangwangxue.hfutschedule.ios.widget;
				PRODUCT_NAME = HFUTScheduleWidget;
				SDKROOT = iphoneos;
				SKIP_INSTALL = YES;
				SUPPORTS_MACCATALYST = NO;
				SWIFT_EMIT_LOC_STRINGS = YES;
				TARGETED_DEVICE_FAMILY = "1,2";
			};
			name = Release;
		};
		F3BCD07D7E664CD245283918 /* Debug */ = {
			isa = XCBuildConfiguration;
			buildSettings = {
				BUNDLE_LOADER = "$(TEST_HOST)";
				CODE_SIGNING_ALLOWED = YES;
				CODE_SIGN_STYLE = Automatic;
				DEVELOPMENT_TEAM = K6T9P3LS8V;
				GENERATE_INFOPLIST_FILE = YES;
				LD_RUNPATH_SEARCH_PATHS = (
					"$(inherited)",
					"@executable_path/Frameworks",
					"@loader_path/Frameworks",
				);
				PRODUCT_BUNDLE_IDENTIFIER = com.xiaozhangwangxue.hfutschedule.ios.tests;
				SDKROOT = iphoneos;
				TARGETED_DEVICE_FAMILY = "1,2";
				TEST_HOST = "$(BUILT_PRODUCTS_DIR)/HFUTSchedule.app/HFUTSchedule";
			};
			name = Debug;
		};
/* End XCBuildConfiguration section */

/* Begin XCConfigurationList section */
		7CB650EF375863F907B142AD /* Build configuration list for PBXNativeTarget "HFUTSchedule" */ = {
			isa = XCConfigurationList;
			buildConfigurations = (
				7DBCBD182337CF3D08F3948E /* Debug */,
				18BBB2E143781CEE1EC766D8 /* Release */,
			);
			defaultConfigurationIsVisible = 0;
			defaultConfigurationName = Debug;
		};
		8A6DA24FE0B2F3EB13B4ECA3 /* Build configuration list for PBXNativeTarget "HFUTScheduleTests" */ = {
			isa = XCConfigurationList;
			buildConfigurations = (
				F3BCD07D7E664CD245283918 /* Debug */,
				6532C8B1C57D87A2DFE6566E /* Release */,
			);
			defaultConfigurationIsVisible = 0;
			defaultConfigurationName = Debug;
		};
		C6C8455E9DA5F354FF863817 /* Build configuration list for PBXNativeTarget "HFUTScheduleWidget" */ = {
			isa = XCConfigurationList;
			buildConfigurations = (
				D7B21FC38800C742F7A28277 /* Debug */,
				EEBDD59B630E4BDA1B0242EF /* Release */,
			);
			defaultConfigurationIsVisible = 0;
			defaultConfigurationName = Debug;
		};
		F68627319857571F5F6B76BE /* Build configuration list for PBXProject "HFUTSchedule" */ = {
			isa = XCConfigurationList;
			buildConfigurations = (
				CB013367C47CC29FAE8A06FC /* Debug */,
				121DDDB621F5BA1A2B98DA73 /* Release */,
			);
			defaultConfigurationIsVisible = 0;
			defaultConfigurationName = Debug;
		};
/* End XCConfigurationList section */
	};
	rootObject = D0FAD7D9E7CE038D6D3B1805 /* Project object */;
}
